{
  "name": "harmony-guide",
  "version": "0.0.1",
  "lockfileVersion": 1,
  "requires": true,
  "dependencies": {
    "vuepress-theme-default-prefers-color-scheme": {
      "version": "2.0.0",
      "resolved": "https://registry.npmjs.org/vuepress-theme-default-prefers-color-scheme/-/vuepress-theme-default-prefers-color-scheme-2.0.0.tgz",
      "integrity": "sha512-4sA3DCiaIIHVjcIC5+mF00mf29IU27KSH97Ga4xb4nUwwlC6eYHg2qchEVOgV25XogCtGgpZ/DCrTkywxvuBcg=="
    }
  }
}
